
Microsoft Visual Studio Solution File, Format Version 12.00
# Visual Studio 15
VisualStudioVersion = 15.0.28307.705
MinimumVisualStudioVersion = 10.0.40219.1
Project("{FAE04EC0-301F-11D3-BF4B-00C04F79EFBC}") = "IntegracionISV", "IntegracionISV\IntegracionISV.csproj", "{2AF175BB-F370-4881-973D-EDFAEC022F87}"
EndProject
Global
	GlobalSection(SolutionConfigurationPlatforms) = preSolution
		Debug|Any CPU = Debug|Any CPU
		Release|Any CPU = Release|Any CPU
	EndGlobalSection
	GlobalSection(ProjectConfigurationPlatforms) = postSolution
		{2AF175BB-F370-4881-973D-EDFAEC022F87}.Debug|Any CPU.ActiveCfg = Debug|Any CPU
		{2AF175BB-F370-4881-973D-EDFAEC022F87}.Debug|Any CPU.Build.0 = Debug|Any CPU
		{2AF175BB-F370-4881-973D-EDFAEC022F87}.Release|Any CPU.ActiveCfg = Release|Any CPU
		{2AF175BB-F370-4881-973D-EDFAEC022F87}.Release|Any CPU.Build.0 = Release|Any CPU
	EndGlobalSection
	GlobalSection(SolutionProperties) = preSolution
		HideSolutionNode = FALSE
	EndGlobalSection
	GlobalSection(ExtensibilityGlobals) = postSolution
		SolutionGuid = {57777362-524A-4091-B78F-45A59D2DA61F}
	EndGlobalSection
EndGlobal
